
Microsoft Visual Studio Solution File, Format Version 12.00
# Visual Studio Version 17
VisualStudioVersion = 17.7.34003.232
MinimumVisualStudioVersion = 10.0.40219.1
Project("{FAE04EC0-301F-11D3-BF4B-00C04F79EFBC}") = "MagicVilla_API", "MagicVilla_API\MagicVilla_API.csproj", "{246772E4-A31D-4575-A245-30B8868FCC51}"
EndProject
Global
	GlobalSection(SolutionConfigurationPlatforms) = preSolution
		Debug|Any CPU = Debug|Any CPU
		Release|Any CPU = Release|Any CPU
	EndGlobalSection
	GlobalSection(ProjectConfigurationPlatforms) = postSolution
		{246772E4-A31D-4575-A245-30B8868FCC51}.Debug|Any CPU.ActiveCfg = Debug|Any CPU
		{246772E4-A31D-4575-A245-30B8868FCC51}.Debug|Any CPU.Build.0 = Debug|Any CPU
		{246772E4-A31D-4575-A245-30B8868FCC51}.Release|Any CPU.ActiveCfg = Release|Any CPU
		{246772E4-A31D-4575-A245-30B8868FCC51}.Release|Any CPU.Build.0 = Release|Any CPU
	EndGlobalSection
	GlobalSection(SolutionProperties) = preSolution
		HideSolutionNode = FALSE
	EndGlobalSection
	GlobalSection(ExtensibilityGlobals) = postSolution
		SolutionGuid = {AD4D5014-0535-4F5D-911F-8F0F06C754E4}
	EndGlobalSection
EndGlobal
